// !$*UTF8*$!
{
	archiveVersion = 1;
	classes = {
	};
	objectVersion = 46;
	objects = {

/* Begin PBXBuildFile section */
		B697DAD91C5FA32800331AA6 /* AppDelegate.swift in Sources */ = {isa = PBXBuildFile; fileRef = B697DAD81C5FA32800331AA6 /* AppDelegate.swift */; };
		B697DADB1C5FA32800331AA6 /* ViewController.swift in Sources */ = {isa = PBXBuildFile; fileRef = B697DADA1C5FA32800331AA6 /* ViewController.swift */; };
		B697DADE1C5FA32800331AA6 /* Main.storyboard in Resources */ = {isa = PBXBuildFile; fileRef = B697DADC1C5FA32800331AA6 /* Main.storyboard */; };
		B697DAE01C5FA32800331AA6 /* Assets.xcassets in Resources */ = {isa = PBXBuildFile; fileRef = B697DADF1C5FA32800331AA6 /* Assets.xcassets */; };
		B697DAE31C5FA32800331AA6 /* LaunchScreen.storyboard in Resources */ = {isa = PBXBuildFile; fileRef = B697DAE11C5FA32800331AA6 /* LaunchScreen.storyboard */; };
		B697DAED1C5FA38600331AA6 /* KenshoLogIn.png in Resources */ = {isa = PBXBuildFile; fileRef = B697DAEC1C5FA38600331AA6 /* KenshoLogIn.png */; };
		B697DAEF1C5FA4CB00331AA6 /* kenshoButton.png in Resources */ = {isa = PBXBuildFile; fileRef = B697DAEE1C5FA4CB00331AA6 /* kenshoButton.png */; };
		B697DAF51C5FA87600331AA6 /* kensho3.png in Resources */ = {isa = PBXBuildFile; fileRef = B697DAF01C5FA87600331AA6 /* kensho3.png */; };
		B697DAF61C5FA87600331AA6 /* kenshograph.png in Resources */ = {isa = PBXBuildFile; fileRef = B697DAF11C5FA87600331AA6 /* kenshograph.png */; };
		B697DAF71C5FA87600331AA6 /* kensho1.png in Resources */ = {isa = PBXBuildFile; fileRef = B697DAF21C5FA87600331AA6 /* kensho1.png */; };
		B697DAF81C5FA87600331AA6 /* kensho2.png in Resources */ = {isa = PBXBuildFile; fileRef = B697DAF31C5FA87600331AA6 /* kensho2.png */; };
		B697DAF91C5FA87600331AA6 /* kensotitle.png in Resources */ = {isa = PBXBuildFile; fileRef = B697DAF41C5FA87600331AA6 /* kensotitle.png */; };
		B697DAFB1C5FA9DB00331AA6 /* ViewController1.swift in Sources */ = {isa = PBXBuildFile; fileRef = B697DAFA1C5FA9DB00331AA6 /* ViewController1.swift */; };
		B697DAFD1C5FA9E500331AA6 /* ViewController2.swift in Sources */ = {isa = PBXBuildFile; fileRef = B697DAFC1C5FA9E500331AA6 /* ViewController2.swift */; };
		B697DAFF1C5FA9EE00331AA6 /* ViewController3.swift in Sources */ = {isa = PBXBuildFile; fileRef = B697DAFE1C5FA9EE00331AA6 /* ViewController3.swift */; };
		B697DB011C5FAFF900331AA6 /* KenshoLogo.png in Resources */ = {isa = PBXBuildFile; fileRef = B697DB001C5FAFF900331AA6 /* KenshoLogo.png */; };
/* End PBXBuildFile section */

/* Begin PBXFileReference section */
		B697DAD51C5FA32800331AA6 /* KenshoDemo.app */ = {isa = PBXFileReference; explicitFileType = wrapper.application; includeInIndex = 0; path = KenshoDemo.app; sourceTree = BUILT_PRODUCTS_DIR; };
		B697DAD81C5FA32800331AA6 /* AppDelegate.swift */ = {isa = PBXFileReference; lastKnownFileType = sourcecode.swift; path = AppDelegate.swift; sourceTree = "<group>"; };
		B697DADA1C5FA32800331AA6 /* ViewController.swift */ = {isa = PBXFileReference; lastKnownFileType = sourcecode.swift; path = ViewController.swift; sourceTree = "<group>"; };
		B697DADD1C5FA32800331AA6 /* Base */ = {isa = PBXFileReference; lastKnownFileType = file.storyboard; name = Base; path = Base.lproj/Main.storyboard; sourceTree = "<group>"; };
		B697DADF1C5FA32800331AA6 /* Assets.xcassets */ = {isa = PBXFileReference; lastKnownFileType = folder.assetcatalog; path = Assets.xcassets; sourceTree = "<group>"; };
		B697DAE21C5FA32800331AA6 /* Base */ = {isa = PBXFileReference; lastKnownFileType = file.storyboard; name = Base; path = Base.lproj/LaunchScreen.storyboard; sourceTree = "<group>"; };
		B697DAE41C5FA32800331AA6 /* Info.plist */ = {isa = PBXFileReference; lastKnownFileType = text.plist.xml; path = Info.plist; sourceTree = "<group>"; };
		B697DAEC1C5FA38600331AA6 /* KenshoLogIn.png */ = {isa = PBXFileReference; lastKnownFileType = image.png; path = KenshoLogIn.png; sourceTree = "<group>"; };
		B697DAEE1C5FA4CB00331AA6 /* kenshoButton.png */ = {isa = PBXFileReference; lastKnownFileType = image.png; path = kenshoButton.png; sourceTree = "<group>"; };
		B697DAF01C5FA87600331AA6 /* kensho3.png */ = {isa = PBXFileReference; lastKnownFileType = image.png; path = kensho3.png; sourceTree = "<group>"; };
		B697DAF11C5FA87600331AA6 /* kenshograph.png */ = {isa = PBXFileReference; lastKnownFileType = image.png; path = kenshograph.png; sourceTree = "<group>"; };
		B697DAF21C5FA87600331AA6 /* kensho1.png */ = {isa = PBXFileReference; lastKnownFileType = image.png; path = kensho1.png; sourceTree = "<group>"; };
		B697DAF31C5FA87600331AA6 /* kensho2.png */ = {isa = PBXFileReference; lastKnownFileType = image.png; path = kensho2.png; sourceTree = "<group>"; };
		B697DAF41C5FA87600331AA6 /* kensotitle.png */ = {isa = PBXFileReference; lastKnownFileType = image.png; path = kensotitle.png; sourceTree = "<group>"; };
		B697DAFA1C5FA9DB00331AA6 /* ViewController1.swift */ = {isa = PBXFileReference; fileEncoding = 4; lastKnownFileType = sourcecode.swift; path = ViewController1.swift; sourceTree = "<group>"; };
		B697DAFC1C5FA9E500331AA6 /* ViewController2.swift */ = {isa = PBXFileReference; fileEncoding = 4; lastKnownFileType = sourcecode.swift; path = ViewController2.swift; sourceTree = "<group>"; };
		B697DAFE1C5FA9EE00331AA6 /* ViewController3.swift */ = {isa = PBXFileReference; fileEncoding = 4; lastKnownFileType = sourcecode.swift; path = ViewController3.swift; sourceTree = "<group>"; };
		B697DB001C5FAFF900331AA6 /* KenshoLogo.png */ = {isa = PBXFileReference; lastKnownFileType = image.png; path = KenshoLogo.png; sourceTree = "<group>"; };
/* End PBXFileReference section */

/* Begin PBXFrameworksBuildPhase section */
		B697DAD21C5FA32800331AA6 /* Frameworks */ = {
			isa = PBXFrameworksBuildPhase;
			buildActionMask = 2147483647;
			files = (
			);
			runOnlyForDeploymentPostprocessing = 0;
		};
/* End PBXFrameworksBuildPhase section */

/* Begin PBXGroup section */
		B697DACC1C5FA32800331AA6 = {
			isa = PBXGroup;
			children = (
				B697DAD71C5FA32800331AA6 /* KenshoDemo */,
				B697DAD61C5FA32800331AA6 /* Products */,
			);
			sourceTree = "<group>";
		};
		B697DAD61C5FA32800331AA6 /* Products */ = {
			isa = PBXGroup;
			children = (
				B697DAD51C5FA32800331AA6 /* KenshoDemo.app */,
			);
			name = Products;
			sourceTree = "<group>";
		};
		B697DAD71C5FA32800331AA6 /* KenshoDemo */ = {
			isa = PBXGroup;
			children = (
				B697DAD81C5FA32800331AA6 /* AppDelegate.swift */,
				B697DADA1C5FA32800331AA6 /* ViewController.swift */,
				B697DADC1C5FA32800331AA6 /* Main.storyboard */,
				B697DAFA1C5FA9DB00331AA6 /* ViewController1.swift */,
				B697DAFE1C5FA9EE00331AA6 /* ViewController3.swift */,
				B697DAFC1C5FA9E500331AA6 /* ViewController2.swift */,
				B697DAEC1C5FA38600331AA6 /* KenshoLogIn.png */,
				B697DAEE1C5FA4CB00331AA6 /* kenshoButton.png */,
				B697DAF01C5FA87600331AA6 /* kensho3.png */,
				B697DAF11C5FA87600331AA6 /* kenshograph.png */,
				B697DAF21C5FA87600331AA6 /* kensho1.png */,
				B697DAF31C5FA87600331AA6 /* kensho2.png */,
				B697DB001C5FAFF900331AA6 /* KenshoLogo.png */,
				B697DAF41C5FA87600331AA6 /* kensotitle.png */,
				B697DADF1C5FA32800331AA6 /* Assets.xcassets */,
				B697DAE11C5FA32800331AA6 /* LaunchScreen.storyboard */,
				B697DAE41C5FA32800331AA6 /* Info.plist */,
			);
			path = KenshoDemo;
			sourceTree = "<group>";
		};
/* End PBXGroup section */

/* Begin PBXNativeTarget section */
		B697DAD41C5FA32800331AA6 /* KenshoDemo */ = {
			isa = PBXNativeTarget;
			buildConfigurationList = B697DAE71C5FA32800331AA6 /* Build configuration list for PBXNativeTarget "KenshoDemo" */;
			buildPhases = (
				B697DAD11C5FA32800331AA6 /* Sources */,
				B697DAD21C5FA32800331AA6 /* Frameworks */,
				B697DAD31C5FA32800331AA6 /* Resources */,
			);
			buildRules = (
			);
			dependencies = (
			);
			name = KenshoDemo;
			productName = KenshoDemo;
			productReference = B697DAD51C5FA32800331AA6 /* KenshoDemo.app */;
			productType = "com.apple.product-type.application";
		};
/* End PBXNativeTarget section */

/* Begin PBXProject section */
		B697DACD1C5FA32800331AA6 /* Project object */ = {
			isa = PBXProject;
			attributes = {
				LastSwiftUpdateCheck = 0720;
				LastUpgradeCheck = 0720;
				ORGANIZATIONNAME = wcaruso;
				TargetAttributes = {
					B697DAD41C5FA32800331AA6 = {
						CreatedOnToolsVersion = 7.2;
						DevelopmentTeam = R96EA2T5KG;
					};
				};
			};
			buildConfigurationList = B697DAD01C5FA32800331AA6 /* Build configuration list for PBXProject "KenshoDemo" */;
			compatibilityVersion = "Xcode 3.2";
			developmentRegion = English;
			hasScannedForEncodings = 0;
			knownRegions = (
				en,
				Base,
			);
			mainGroup = B697DACC1C5FA32800331AA6;
			productRefGroup = B697DAD61C5FA32800331AA6 /* Products */;
			projectDirPath = "";
			projectRoot = "";
			targets = (
				B697DAD41C5FA32800331AA6 /* KenshoDemo */,
			);
		};
/* End PBXProject section */

/* Begin PBXResourcesBuildPhase section */
		B697DAD31C5FA32800331AA6 /* Resources */ = {
			isa = PBXResourcesBuildPhase;
			buildActionMask = 2147483647;
			files = (
				B697DAE31C5FA32800331AA6 /* LaunchScreen.storyboard in Resources */,
				B697DAEF1C5FA4CB00331AA6 /* kenshoButton.png in Resources */,
				B697DAF71C5FA87600331AA6 /* kensho1.png in Resources */,
				B697DAF91C5FA87600331AA6 /* kensotitle.png in Resources */,
				B697DAE01C5FA32800331AA6 /* Assets.xcassets in Resources */,
				B697DAF81C5FA87600331AA6 /* kensho2.png in Resources */,
				B697DAF61C5FA87600331AA6 /* kenshograph.png in Resources */,
				B697DADE1C5FA32800331AA6 /* Main.storyboard in Resources */,
				B697DAED1C5FA38600331AA6 /* KenshoLogIn.png in Resources */,
				B697DAF51C5FA87600331AA6 /* kensho3.png in Resources */,
				B697DB011C5FAFF900331AA6 /* KenshoLogo.png in Resources */,
			);
			runOnlyForDeploymentPostprocessing = 0;
		};
/* End PBXResourcesBuildPhase section */

/* Begin PBXSourcesBuildPhase section */
		B697DAD11C5FA32800331AA6 /* Sources */ = {
			isa = PBXSourcesBuildPhase;
			buildActionMask = 2147483647;
			files = (
				B697DAFF1C5FA9EE00331AA6 /* ViewController3.swift in Sources */,
				B697DAFB1C5FA9DB00331AA6 /* ViewController1.swift in Sources */,
				B697DAFD1C5FA9E500331AA6 /* ViewController2.swift in Sources */,
				B697DADB1C5FA32800331AA6 /* ViewController.swift in Sources */,
				B697DAD91C5FA32800331AA6 /* AppDelegate.swift in Sources */,
			);
			runOnlyForDeploymentPostprocessing = 0;
		};
/* End PBXSourcesBuildPhase section */

/* Begin PBXVariantGroup section */
		B697DADC1C5FA32800331AA6 /* Main.storyboard */ = {
			isa = PBXVariantGroup;
			children = (
				B697DADD1C5FA32800331AA6 /* Base */,
			);
			name = Main.storyboard;
			sourceTree = "<group>";
		};
		B697DAE11C5FA32800331AA6 /* LaunchScreen.storyboard */ = {
			isa = PBXVariantGroup;
			children = (
				B697DAE21C5FA32800331AA6 /* Base */,
			);
			name = LaunchScreen.storyboard;
			sourceTree = "<group>";
		};
/* End PBXVariantGroup section */

/* Begin XCBuildConfiguration section */
		B697DAE51C5FA32800331AA6 /* Debug */ = {
			isa = XCBuildConfiguration;
			buildSettings = {
				ALWAYS_SEARCH_USER_PATHS = NO;
				CLANG_CXX_LANGUAGE_STANDARD = "gnu++0x";
				CLANG_CXX_LIBRARY = "libc++";
				CLANG_ENABLE_MODULES = YES;
				CLANG_ENABLE_OBJC_ARC = YES;
				CLANG_WARN_BOOL_CONVERSION = YES;
				CLANG_WARN_CONSTANT_CONVERSION = YES;
				CLANG_WARN_DIRECT_OBJC_ISA_USAGE = YES_ERROR;
				CLANG_WARN_EMPTY_BODY = YES;
				CLANG_WARN_ENUM_CONVERSION = YES;
				CLANG_WARN_INT_CONVERSION = YES;
				CLANG_WARN_OBJC_ROOT_CLASS = YES_ERROR;
				CLANG_WARN_UNREACHABLE_CODE = YES;
				CLANG_WARN__DUPLICATE_METHOD_MATCH = YES;
				"CODE_SIGN_IDENTITY[sdk=iphoneos*]" = "iPhone Developer";
				COPY_PHASE_STRIP = NO;
				DEBUG_INFORMATION_FORMAT = dwarf;
				ENABLE_STRICT_OBJC_MSGSEND = YES;
				ENABLE_TESTABILITY = YES;
				GCC_C_LANGUAGE_STANDARD = gnu99;
				GCC_DYNAMIC_NO_PIC = NO;
				GCC_NO_COMMON_BLOCKS = YES;
				GCC_OPTIMIZATION_LEVEL = 0;
				GCC_PREPROCESSOR_DEFINITIONS = (
					"DEBUG=1",
					"$(inherited)",
				);
				GCC_WARN_64_TO_32_BIT_CONVERSION = YES;
				GCC_WARN_ABOUT_RETURN_TYPE = YES_ERROR;
				GCC_WARN_UNDECLARED_SELECTOR = YES;
				GCC_WARN_UNINITIALIZED_AUTOS = YES_AGGRESSIVE;
				GCC_WARN_UNUSED_FUNCTION = YES;
				GCC_WARN_UNUSED_VARIABLE = YES;
				IPHONEOS_DEPLOYMENT_TARGET = 9.2;
				MTL_ENABLE_DEBUG_INFO = YES;
				ONLY_ACTIVE_ARCH = YES;
				SDKROOT = iphoneos;
				SWIFT_OPTIMIZATION_LEVEL = "-Onone";
			};
			name = Debug;
		};
		B697DAE61C5FA32800331AA6 /* Release */ = {
			isa = XCBuildConfiguration;
			buildSettings = {
				ALWAYS_SEARCH_USER_PATHS = NO;
				CLANG_CXX_LANGUAGE_STANDARD = "gnu++0x";
				CLANG_CXX_LIBRARY = "libc++";
				CLANG_ENABLE_MODULES = YES;
				CLANG_ENABLE_OBJC_ARC = YES;
				CLANG_WARN_BOOL_CONVERSION = YES;
				CLANG_WARN_CONSTANT_CONVERSION = YES;
				CLANG_WARN_DIRECT_OBJC_ISA_USAGE = YES_ERROR;
				CLANG_WARN_EMPTY_BODY = YES;
				CLANG_WARN_ENUM_CONVERSION = YES;
				CLANG_WARN_INT_CONVERSION = YES;
				CLANG_WARN_OBJC_ROOT_CLASS = YES_ERROR;
				CLANG_WARN_UNREACHABLE_CODE = YES;
				CLANG_WARN__DUPLICATE_METHOD_MATCH = YES;
				"CODE_SIGN_IDENTITY[sdk=iphoneos*]" = "iPhone Developer";
				COPY_PHASE_STRIP = NO;
				DEBUG_INFORMATION_FORMAT = "dwarf-with-dsym";
				ENABLE_NS_ASSERTIONS = NO;
				ENABLE_STRICT_OBJC_MSGSEND = YES;
				GCC_C_LANGUAGE_STANDARD = gnu99;
				GCC_NO_COMMON_BLOCKS = YES;
				GCC_WARN_64_TO_32_BIT_CONVERSION = YES;
				GCC_WARN_ABOUT_RETURN_TYPE = YES_ERROR;
				GCC_WARN_UNDECLARED_SELECTOR = YES;
				GCC_WARN_UNINITIALIZED_AUTOS = YES_AGGRESSIVE;
				GCC_WARN_UNUSED_FUNCTION = YES;
				GCC_WARN_UNUSED_VARIABLE = YES;
				IPHONEOS_DEPLOYMENT_TARGET = 9.2;
				MTL_ENABLE_DEBUG_INFO = NO;
				SDKROOT = iphoneos;
				VALIDATE_PRODUCT = YES;
			};
			name = Release;
		};
		B697DAE81C5FA32800331AA6 /* Debug */ = {
			isa = XCBuildConfiguration;
			buildSettings = {
				ASSETCATALOG_COMPILER_APPICON_NAME = AppIcon;
				CODE_SIGN_IDENTITY = "iPhone Developer";
				"CODE_SIGN_IDENTITY[sdk=iphoneos*]" = "iPhone Developer";
				INFOPLIST_FILE = KenshoDemo/Info.plist;
				LD_RUNPATH_SEARCH_PATHS = "$(inherited) @executable_path/Frameworks";
				PRODUCT_BUNDLE_IDENTIFIER = com.wcaruso.KenshoDemo;
				PRODUCT_NAME = "$(TARGET_NAME)";
				PROVISIONING_PROFILE = "";
			};
			name = Debug;
		};
		B697DAE91C5FA32800331AA6 /* Release */ = {
			isa = XCBuildConfiguration;
			buildSettings = {
				ASSETCATALOG_COMPILER_APPICON_NAME = AppIcon;
				CODE_SIGN_IDENTITY = "iPhone Developer";
				"CODE_SIGN_IDENTITY[sdk=iphoneos*]" = "iPhone Developer";
				INFOPLIST_FILE = KenshoDemo/Info.plist;
				LD_RUNPATH_SEARCH_PATHS = "$(inherited) @executable_path/Frameworks";
				PRODUCT_BUNDLE_IDENTIFIER = com.wcaruso.KenshoDemo;
				PRODUCT_NAME = "$(TARGET_NAME)";
				PROVISIONING_PROFILE = "";
			};
			name = Release;
		};
/* End XCBuildConfiguration section */

/* Begin XCConfigurationList section */
		B697DAD01C5FA32800331AA6 /* Build configuration list for PBXProject "KenshoDemo" */ = {
			isa = XCConfigurationList;
			buildConfigurations = (
				B697DAE51C5FA32800331AA6 /* Debug */,
				B697DAE61C5FA32800331AA6 /* Release */,
			);
			defaultConfigurationIsVisible = 0;
			defaultConfigurationName = Release;
		};
		B697DAE71C5FA32800331AA6 /* Build configuration list for PBXNativeTarget "KenshoDemo" */ = {
			isa = XCConfigurationList;
			buildConfigurations = (
				B697DAE81C5FA32800331AA6 /* Debug */,
				B697DAE91C5FA32800331AA6 /* Release */,
			);
			defaultConfigurationIsVisible = 0;
		};
/* End XCConfigurationList section */
	};
	rootObject = B697DACD1C5FA32800331AA6 /* Project object */;
}
